
Microsoft Visual Studio Solution File, Format Version 12.00
# Visual Studio Version 16
VisualStudioVersion = 16.0.29324.140
MinimumVisualStudioVersion = 10.0.40219.1
Project("{FAE04EC0-301F-11D3-BF4B-00C04F79EFBC}") = "TomasFeeney_S00188023", "TomasFeeney_S00188023\TomasFeeney_S00188023.csproj", "{EC18F22E-4B1E-4F3D-BA33-05CED4869138}"
EndProject
Global
	GlobalSection(SolutionConfigurationPlatforms) = preSolution
		Debug|Any CPU = Debug|Any CPU
		Release|Any CPU = Release|Any CPU
	EndGlobalSection
	GlobalSection(ProjectConfigurationPlatforms) = postSolution
		{EC18F22E-4B1E-4F3D-BA33-05CED4869138}.Debug|Any CPU.ActiveCfg = Debug|Any CPU
		{EC18F22E-4B1E-4F3D-BA33-05CED4869138}.Debug|Any CPU.Build.0 = Debug|Any CPU
		{EC18F22E-4B1E-4F3D-BA33-05CED4869138}.Release|Any CPU.ActiveCfg = Release|Any CPU
		{EC18F22E-4B1E-4F3D-BA33-05CED4869138}.Release|Any CPU.Build.0 = Release|Any CPU
	EndGlobalSection
	GlobalSection(SolutionProperties) = preSolution
		HideSolutionNode = FALSE
	EndGlobalSection
	GlobalSection(ExtensibilityGlobals) = postSolution
		SolutionGuid = {16B736CA-EA33-41CF-8FC5-AB5611D36904}
	EndGlobalSection
EndGlobal
